
Microsoft Visual Studio Solution File, Format Version 12.00
# Visual Studio Version 17
VisualStudioVersion = 17.0.32014.148
MinimumVisualStudioVersion = 10.0.40219.1
Project("{9A19103F-16F7-4668-BE54-9A1E7A4F7556}") = "Appeals.Identity", "Appeals.Identity.csproj", "{12C68A05-0219-464E-8AC6-58F6C1EFB557}"
EndProject
Global
	GlobalSection(SolutionConfigurationPlatforms) = preSolution
		Debug|Any CPU = Debug|Any CPU
		Release|Any CPU = Release|Any CPU
	EndGlobalSection
	GlobalSection(ProjectConfigurationPlatforms) = postSolution
		{12C68A05-0219-464E-8AC6-58F6C1EFB557}.Debug|Any CPU.ActiveCfg = Debug|Any CPU
		{12C68A05-0219-464E-8AC6-58F6C1EFB557}.Debug|Any CPU.Build.0 = Debug|Any CPU
		{12C68A05-0219-464E-8AC6-58F6C1EFB557}.Release|Any CPU.ActiveCfg = Release|Any CPU
		{12C68A05-0219-464E-8AC6-58F6C1EFB557}.Release|Any CPU.Build.0 = Release|Any CPU
	EndGlobalSection
	GlobalSection(SolutionProperties) = preSolution
		HideSolutionNode = FALSE
	EndGlobalSection
	GlobalSection(ExtensibilityGlobals) = postSolution
		SolutionGuid = {647197AF-4F50-4BC7-B61D-4631AAC1C3CE}
	EndGlobalSection
EndGlobal
